
Microsoft Visual Studio Solution File, Format Version 12.00
# Visual Studio 15
VisualStudioVersion = 15.0.27130.2027
MinimumVisualStudioVersion = 10.0.40219.1
Project("{FAE04EC0-301F-11D3-BF4B-00C04F79EFBC}") = "Lab05_Mahur", "Lab05_Mahur\Lab05_Mahur.csproj", "{0C1CB6FC-60E2-4F36-B30C-EC3A48DF208A}"
EndProject
Global
	GlobalSection(SolutionConfigurationPlatforms) = preSolution
		Debug|Any CPU = Debug|Any CPU
		Release|Any CPU = Release|Any CPU
	EndGlobalSection
	GlobalSection(ProjectConfigurationPlatforms) = postSolution
		{0C1CB6FC-60E2-4F36-B30C-EC3A48DF208A}.Debug|Any CPU.ActiveCfg = Debug|Any CPU
		{0C1CB6FC-60E2-4F36-B30C-EC3A48DF208A}.Debug|Any CPU.Build.0 = Debug|Any CPU
		{0C1CB6FC-60E2-4F36-B30C-EC3A48DF208A}.Release|Any CPU.ActiveCfg = Release|Any CPU
		{0C1CB6FC-60E2-4F36-B30C-EC3A48DF208A}.Release|Any CPU.Build.0 = Release|Any CPU
	EndGlobalSection
	GlobalSection(SolutionProperties) = preSolution
		HideSolutionNode = FALSE
	EndGlobalSection
	GlobalSection(ExtensibilityGlobals) = postSolution
		SolutionGuid = {A58E51AE-11D4-49AB-AFD4-CB9F2F110941}
	EndGlobalSection
EndGlobal
